
Microsoft Visual Studio Solution File, Format Version 12.00
# Visual Studio 2015
Project("{FAE04EC0-301F-11D3-BF4B-00C04F79EFBC}") = "Polyjam16.CSharp", "Polyjam16.CSharp.csproj", "{3564FB0B-54FC-1AB1-8860-8D465D63A344}"
EndProject
Project("{FAE04EC0-301F-11D3-BF4B-00C04F79EFBC}") = "Polyjam16.CSharp.Editor", "Polyjam16.CSharp.Editor.csproj", "{C5255FEB-EAF2-FA4C-8067-30AC7329BD89}"
EndProject
Global
	GlobalSection(SolutionConfigurationPlatforms) = preSolution
		Debug|Any CPU = Debug|Any CPU
		Release|Any CPU = Release|Any CPU
	EndGlobalSection
	GlobalSection(ProjectConfigurationPlatforms) = postSolution
		{3564FB0B-54FC-1AB1-8860-8D465D63A344}.Debug|Any CPU.ActiveCfg = Debug|Any CPU
		{3564FB0B-54FC-1AB1-8860-8D465D63A344}.Debug|Any CPU.Build.0 = Debug|Any CPU
		{3564FB0B-54FC-1AB1-8860-8D465D63A344}.Release|Any CPU.ActiveCfg = Release|Any CPU
		{3564FB0B-54FC-1AB1-8860-8D465D63A344}.Release|Any CPU.Build.0 = Release|Any CPU
		{C5255FEB-EAF2-FA4C-8067-30AC7329BD89}.Debug|Any CPU.ActiveCfg = Debug|Any CPU
		{C5255FEB-EAF2-FA4C-8067-30AC7329BD89}.Debug|Any CPU.Build.0 = Debug|Any CPU
		{C5255FEB-EAF2-FA4C-8067-30AC7329BD89}.Release|Any CPU.ActiveCfg = Release|Any CPU
		{C5255FEB-EAF2-FA4C-8067-30AC7329BD89}.Release|Any CPU.Build.0 = Release|Any CPU
	EndGlobalSection
	GlobalSection(SolutionProperties) = preSolution
		HideSolutionNode = FALSE
	EndGlobalSection
EndGlobal
